{
    "_readme": [
        "This file locks the dependencies of your project to a known state",
        "Read more about it at https://getcomposer.org/doc/01-basic-usage.md#installing-dependencies",
        "This file is @generated automatically"
    ],
    "content-hash": "271835158f3f869076b0432a407d584a",
    "packages": [
        {
            "name": "easypost/easypost-php",
            "version": "5.6.0",
            "source": {
                "type": "git",
                "url": "https://github.com/EasyPost/easypost-php.git",
                "reference": "bfa38914ab6923731e708ebf67729aab0e9427d9"
            },
            "dist": {
                "type": "zip",
                "url": "https://api.github.com/repos/EasyPost/easypost-php/zipball/bfa38914ab6923731e708ebf67729aab0e9427d9",
                "reference": "bfa38914ab6923731e708ebf67729aab0e9427d9",
                "shasum": ""
            },
            "require": {
                "ext-curl": "*",
                "ext-json": "*",
                "php": ">=7.3"
            },
            "require-dev": {
                "allejo/php-vcr-sanitizer": "^1.0.9",
                "php-vcr/php-vcr": "1.5.2",
                "phpunit/phpunit": "^9",
                "roave/security-advisories": "dev-latest",
                "squizlabs/php_codesniffer": "^3.6"
            },
            "type": "library",
            "autoload": {
                "psr-4": {
                    "EasyPost\\": "lib/EasyPost/"
                }
            },
            "notification-url": "https://packagist.org/downloads/",
            "license": [
                "MIT"
            ],
            "authors": [
                {
                    "name": "EasyPost Developers",
                    "email": "oss@easypost.com",
                    "homepage": "https://www.easypost.com"
                }
            ],
            "description": "EasyPost Shipping API Client Library for PHP",
            "homepage": "https://github.com/EasyPost/easypost-php",
            "keywords": [
                "api",
                "easypost",
                "shipping"
            ],
            "support": {
                "issues": "https://github.com/EasyPost/easypost-php/issues",
                "source": "https://github.com/EasyPost/easypost-php/tree/v5.6.0"
            },
            "time": "2022-08-25T17:31:35+00:00"
        }
    ],
    "packages-dev": [
        {
            "name": "squizlabs/php_codesniffer",
            "version": "3.7.1",
            "source": {
                "type": "git",
                "url": "https://github.com/squizlabs/PHP_CodeSniffer.git",
                "reference": "1359e176e9307e906dc3d890bcc9603ff6d90619"
            },
            "dist": {
                "type": "zip",
                "url": "https://api.github.com/repos/squizlabs/PHP_CodeSniffer/zipball/1359e176e9307e906dc3d890bcc9603ff6d90619",
                "reference": "1359e176e9307e906dc3d890bcc9603ff6d90619",
                "shasum": ""
            },
            "require": {
                "ext-simplexml": "*",
                "ext-tokenizer": "*",
                "ext-xmlwriter": "*",
                "php": ">=5.4.0"
            },
            "require-dev": {
                "phpunit/phpunit": "^4.0 || ^5.0 || ^6.0 || ^7.0"
            },
            "bin": [
                "bin/phpcs",
                "bin/phpcbf"
            ],
            "type": "library",
            "extra": {
                "branch-alias": {
                    "dev-master": "3.x-dev"
                }
            },
            "notification-url": "https://packagist.org/downloads/",
            "license": [
                "BSD-3-Clause"
            ],
            "authors": [
                {
                    "name": "Greg Sherwood",
                    "role": "lead"
                }
            ],
            "description": "PHP_CodeSniffer tokenizes PHP, JavaScript and CSS files and detects violations of a defined set of coding standards.",
            "homepage": "https://github.com/squizlabs/PHP_CodeSniffer",
            "keywords": [
                "phpcs",
                "standards"
            ],
            "support": {
                "issues": "https://github.com/squizlabs/PHP_CodeSniffer/issues",
                "source": "https://github.com/squizlabs/PHP_CodeSniffer",
                "wiki": "https://github.com/squizlabs/PHP_CodeSniffer/wiki"
            },
            "time": "2022-06-18T07:21:10+00:00"
        }
    ],
    "aliases": [],
    "minimum-stability": "stable",
    "stability-flags": [],
    "prefer-stable": false,
    "prefer-lowest": false,
    "platform": {
        "ext-curl": "*",
        "ext-json": "*",
        "php": ">=7.3"
    },
    "platform-dev": [],
    "plugin-api-version": "2.3.0"
}
