Microsoft Visual Studio Solution File, Format Version 12.00
# Visual Studio Version 17
VisualStudioVersion = 17.5.2.0
MinimumVisualStudioVersion = 10.0.40219.1
Project("{FAE04EC0-301F-11D3-BF4B-00C04F79EFBC}") = "examples", "examples.csproj", "{E8A8BC2E-78CD-FC83-F07D-42DD7C6F34B5}"
EndProject
Global
	GlobalSection(SolutionConfigurationPlatforms) = preSolution
		Debug|Any CPU = Debug|Any CPU
		Release|Any CPU = Release|Any CPU
	EndGlobalSection
	GlobalSection(ProjectConfigurationPlatforms) = postSolution
		{E8A8BC2E-78CD-FC83-F07D-42DD7C6F34B5}.Debug|Any CPU.ActiveCfg = Debug|Any CPU
		{E8A8BC2E-78CD-FC83-F07D-42DD7C6F34B5}.Debug|Any CPU.Build.0 = Debug|Any CPU
		{E8A8BC2E-78CD-FC83-F07D-42DD7C6F34B5}.Release|Any CPU.ActiveCfg = Release|Any CPU
		{E8A8BC2E-78CD-FC83-F07D-42DD7C6F34B5}.Release|Any CPU.Build.0 = Release|Any CPU
	EndGlobalSection
	GlobalSection(SolutionProperties) = preSolution
		HideSolutionNode = FALSE
	EndGlobalSection
	GlobalSection(ExtensibilityGlobals) = postSolution
		SolutionGuid = {D452108A-5595-4B7E-B493-D2444CFE775C}
	EndGlobalSection
EndGlobal
